
Microsoft Visual Studio Solution File, Format Version 12.00
# Visual Studio Version 17
VisualStudioVersion = 17.9.34622.214
MinimumVisualStudioVersion = 10.0.40219.1
Project("{FAE04EC0-301F-11D3-BF4B-00C04F79EFBC}") = "DiscosDB_App_1", "DiscosDB_App_1.csproj", "{9B667CD0-68D8-4F2E-914B-A17F745F1B54}"
EndProject
Project("{FAE04EC0-301F-11D3-BF4B-00C04F79EFBC}") = "dominio", "..\dominio\dominio.csproj", "{80070C32-B516-433D-A266-71E5C1AD53D3}"
EndProject
Project("{FAE04EC0-301F-11D3-BF4B-00C04F79EFBC}") = "negocio", "..\negocio\negocio.csproj", "{C4923655-5931-4B4C-AFA6-31D25B3C07BA}"
EndProject
Global
	GlobalSection(SolutionConfigurationPlatforms) = preSolution
		Debug|Any CPU = Debug|Any CPU
		Release|Any CPU = Release|Any CPU
	EndGlobalSection
	GlobalSection(ProjectConfigurationPlatforms) = postSolution
		{9B667CD0-68D8-4F2E-914B-A17F745F1B54}.Debug|Any CPU.ActiveCfg = Debug|Any CPU
		{9B667CD0-68D8-4F2E-914B-A17F745F1B54}.Debug|Any CPU.Build.0 = Debug|Any CPU
		{9B667CD0-68D8-4F2E-914B-A17F745F1B54}.Release|Any CPU.ActiveCfg = Release|Any CPU
		{9B667CD0-68D8-4F2E-914B-A17F745F1B54}.Release|Any CPU.Build.0 = Release|Any CPU
		{80070C32-B516-433D-A266-71E5C1AD53D3}.Debug|Any CPU.ActiveCfg = Debug|Any CPU
		{80070C32-B516-433D-A266-71E5C1AD53D3}.Debug|Any CPU.Build.0 = Debug|Any CPU
		{80070C32-B516-433D-A266-71E5C1AD53D3}.Release|Any CPU.ActiveCfg = Release|Any CPU
		{80070C32-B516-433D-A266-71E5C1AD53D3}.Release|Any CPU.Build.0 = Release|Any CPU
		{C4923655-5931-4B4C-AFA6-31D25B3C07BA}.Debug|Any CPU.ActiveCfg = Debug|Any CPU
		{C4923655-5931-4B4C-AFA6-31D25B3C07BA}.Debug|Any CPU.Build.0 = Debug|Any CPU
		{C4923655-5931-4B4C-AFA6-31D25B3C07BA}.Release|Any CPU.ActiveCfg = Release|Any CPU
		{C4923655-5931-4B4C-AFA6-31D25B3C07BA}.Release|Any CPU.Build.0 = Release|Any CPU
	EndGlobalSection
	GlobalSection(SolutionProperties) = preSolution
		HideSolutionNode = FALSE
	EndGlobalSection
	GlobalSection(ExtensibilityGlobals) = postSolution
		SolutionGuid = {43DB7355-F821-43EC-BAE9-1379532151C8}
	EndGlobalSection
EndGlobal
